
Microsoft Visual Studio Solution File, Format Version 12.00
# Visual Studio 2012
Project("{FAE04EC0-301F-11D3-BF4B-00C04F79EFBC}") = "Zest", "Zest\Zest.csproj", "{52DEC59B-134C-4C8E-89BC-283762B42C0F}"
EndProject
Global
	GlobalSection(SolutionConfigurationPlatforms) = preSolution
		Debug|iPhoneSimulator = Debug|iPhoneSimulator
		Release|iPhone = Release|iPhone
		Release|iPhoneSimulator = Release|iPhoneSimulator
		Debug|iPhone = Debug|iPhone
	EndGlobalSection
	GlobalSection(ProjectConfigurationPlatforms) = postSolution
		{52DEC59B-134C-4C8E-89BC-283762B42C0F}.Debug|iPhone.ActiveCfg = Debug|iPhone
		{52DEC59B-134C-4C8E-89BC-283762B42C0F}.Debug|iPhone.Build.0 = Debug|iPhone
		{52DEC59B-134C-4C8E-89BC-283762B42C0F}.Debug|iPhoneSimulator.ActiveCfg = Debug|iPhoneSimulator
		{52DEC59B-134C-4C8E-89BC-283762B42C0F}.Debug|iPhoneSimulator.Build.0 = Debug|iPhoneSimulator
		{52DEC59B-134C-4C8E-89BC-283762B42C0F}.Release|iPhone.ActiveCfg = Release|iPhone
		{52DEC59B-134C-4C8E-89BC-283762B42C0F}.Release|iPhone.Build.0 = Release|iPhone
		{52DEC59B-134C-4C8E-89BC-283762B42C0F}.Release|iPhoneSimulator.ActiveCfg = Release|iPhoneSimulator
		{52DEC59B-134C-4C8E-89BC-283762B42C0F}.Release|iPhoneSimulator.Build.0 = Release|iPhoneSimulator
	EndGlobalSection
EndGlobal
